// !$*UTF8*$!
{
	archiveVersion = 1;
	classes = {
	};
	objectVersion = 77;
	objects = {

/* Begin PBXBuildFile section */
		1A0000010000000000000001 /* CorunaIOSApp.swift in Sources */ = {isa = PBXBuildFile; fileRef = 1A0000010000000000000011 /* CorunaIOSApp.swift */; };
		1A0000010000000000000002 /* ContentView.swift in Sources */ = {isa = PBXBuildFile; fileRef = 1A0000010000000000000012 /* ContentView.swift */; };
		1A0000010000000000000003 /* WebViewSheet.swift in Sources */ = {isa = PBXBuildFile; fileRef = 1A0000010000000000000013 /* WebViewSheet.swift */; };
		1A0000010000000000000004 /* ServerController.swift in Sources */ = {isa = PBXBuildFile; fileRef = 1A0000010000000000000014 /* ServerController.swift */; };
		1A0000010000000000000005 /* StaticHTTPServer.swift in Sources */ = {isa = PBXBuildFile; fileRef = 1A0000010000000000000015 /* StaticHTTPServer.swift */; };
		1A0000010000000000000006 /* Resources/CorunaWeb in Resources */ = {isa = PBXBuildFile; fileRef = 1A0000010000000000000017 /* Resources/CorunaWeb */; };
		1A0000010000000000000007 /* Assets.xcassets in Resources */ = {isa = PBXBuildFile; fileRef = 1A0000010000000000000018 /* Assets.xcassets */; };
		1A000001000000000000000B /* Localization.swift in Sources */ = {isa = PBXBuildFile; fileRef = 1A000001000000000000001F /* Localization.swift */; };
		1A0000010000000000000008 /* en.lproj in Resources */ = {isa = PBXBuildFile; fileRef = 1A000001000000000000001C /* en.lproj */; };
		1A0000010000000000000009 /* zh-Hans.lproj in Resources */ = {isa = PBXBuildFile; fileRef = 1A000001000000000000001D /* zh-Hans.lproj */; };
		1A000001000000000000000A /* zh-Hant.lproj in Resources */ = {isa = PBXBuildFile; fileRef = 1A000001000000000000001E /* zh-Hant.lproj */; };
/* End PBXBuildFile section */

/* Begin PBXFileReference section */
		1A0000010000000000000010 /* CorunaIOS.app */ = {isa = PBXFileReference; explicitFileType = wrapper.application; includeInIndex = 0; path = CorunaIOS.app; sourceTree = BUILT_PRODUCTS_DIR; };
		1A0000010000000000000011 /* CorunaIOSApp.swift */ = {isa = PBXFileReference; lastKnownFileType = sourcecode.swift; path = CorunaIOSApp.swift; sourceTree = "<group>"; };
		1A0000010000000000000012 /* ContentView.swift */ = {isa = PBXFileReference; lastKnownFileType = sourcecode.swift; path = ContentView.swift; sourceTree = "<group>"; };
		1A0000010000000000000013 /* WebViewSheet.swift */ = {isa = PBXFileReference; lastKnownFileType = sourcecode.swift; path = WebViewSheet.swift; sourceTree = "<group>"; };
		1A0000010000000000000014 /* ServerController.swift */ = {isa = PBXFileReference; lastKnownFileType = sourcecode.swift; path = ServerController.swift; sourceTree = "<group>"; };
		1A0000010000000000000015 /* StaticHTTPServer.swift */ = {isa = PBXFileReference; lastKnownFileType = sourcecode.swift; path = StaticHTTPServer.swift; sourceTree = "<group>"; };
		1A0000010000000000000016 /* Info.plist */ = {isa = PBXFileReference; lastKnownFileType = text.plist.xml; path = Info.plist; sourceTree = "<group>"; };
		1A0000010000000000000017 /* Resources/CorunaWeb */ = {isa = PBXFileReference; lastKnownFileType = folder; path = Resources/CorunaWeb; sourceTree = "<group>"; };
		1A0000010000000000000018 /* Assets.xcassets */ = {isa = PBXFileReference; lastKnownFileType = folder.assetcatalog; path = Assets/Assets.xcassets; sourceTree = "<group>"; };
		1A0000010000000000000019 /* Signing.xcconfig */ = {isa = PBXFileReference; lastKnownFileType = text.xcconfig; path = Signing.xcconfig; sourceTree = "<group>"; };
		1A000001000000000000001A /* LocalSigning.xcconfig.example */ = {isa = PBXFileReference; lastKnownFileType = text.xcconfig; path = LocalSigning.xcconfig.example; sourceTree = "<group>"; };
		1A000001000000000000001B /* setup-local-signing.sh */ = {isa = PBXFileReference; lastKnownFileType = text.script.sh; path = "setup-local-signing.sh"; sourceTree = "<group>"; };
		1A000001000000000000001C /* en.lproj */ = {isa = PBXFileReference; lastKnownFileType = folder; path = en.lproj; sourceTree = "<group>"; };
		1A000001000000000000001D /* zh-Hans.lproj */ = {isa = PBXFileReference; lastKnownFileType = folder; path = "zh-Hans.lproj"; sourceTree = "<group>"; };
		1A000001000000000000001E /* zh-Hant.lproj */ = {isa = PBXFileReference; lastKnownFileType = folder; path = "zh-Hant.lproj"; sourceTree = "<group>"; };
		1A000001000000000000001F /* Localization.swift */ = {isa = PBXFileReference; lastKnownFileType = sourcecode.swift; path = Localization.swift; sourceTree = "<group>"; };
/* End PBXFileReference section */

/* Begin PBXFrameworksBuildPhase section */
		1A0000010000000000000020 /* Frameworks */ = {
			isa = PBXFrameworksBuildPhase;
			buildActionMask = 2147483647;
			files = (
			);
			runOnlyForDeploymentPostprocessing = 0;
		};
/* End PBXFrameworksBuildPhase section */

/* Begin PBXGroup section */
		1A0000010000000000000030 = {
			isa = PBXGroup;
			children = (
				1A0000010000000000000033 /* Config */,
				1A0000010000000000000034 /* Scripts */,
				1A0000010000000000000018 /* Assets.xcassets */,
				1A0000010000000000000031 /* CorunaIOS */,
				1A0000010000000000000032 /* Products */,
			);
			sourceTree = "<group>";
		};
		1A0000010000000000000031 /* CorunaIOS */ = {
			isa = PBXGroup;
			children = (
				1A0000010000000000000011 /* CorunaIOSApp.swift */,
				1A0000010000000000000012 /* ContentView.swift */,
				1A0000010000000000000013 /* WebViewSheet.swift */,
				1A0000010000000000000014 /* ServerController.swift */,
				1A0000010000000000000015 /* StaticHTTPServer.swift */,
				1A000001000000000000001F /* Localization.swift */,
				1A000001000000000000001C /* en.lproj */,
				1A000001000000000000001D /* zh-Hans.lproj */,
				1A000001000000000000001E /* zh-Hant.lproj */,
				1A0000010000000000000016 /* Info.plist */,
				1A0000010000000000000017 /* Resources/CorunaWeb */,
			);
			path = CorunaIOS;
			sourceTree = "<group>";
		};
		1A0000010000000000000032 /* Products */ = {
			isa = PBXGroup;
			children = (
				1A0000010000000000000010 /* CorunaIOS.app */,
			);
			name = Products;
			sourceTree = "<group>";
		};
		1A0000010000000000000033 /* Config */ = {
			isa = PBXGroup;
			children = (
				1A0000010000000000000019 /* Signing.xcconfig */,
				1A000001000000000000001A /* LocalSigning.xcconfig.example */,
			);
			path = Config;
			sourceTree = "<group>";
		};
		1A0000010000000000000034 /* Scripts */ = {
			isa = PBXGroup;
			children = (
				1A000001000000000000001B /* setup-local-signing.sh */,
			);
			path = Scripts;
			sourceTree = "<group>";
		};
/* End PBXGroup section */

/* Begin PBXNativeTarget section */
		1A0000010000000000000040 /* CorunaIOS */ = {
			isa = PBXNativeTarget;
			buildConfigurationList = 1A0000010000000000000044 /* Build configuration list for PBXNativeTarget "CorunaIOS" */;
			buildPhases = (
				1A0000010000000000000041 /* Sources */,
				1A0000010000000000000020 /* Frameworks */,
				1A0000010000000000000042 /* Resources */,
			);
			buildRules = (
			);
			dependencies = (
			);
			name = CorunaIOS;
			packageProductDependencies = (
			);
			productName = CorunaIOS;
			productReference = 1A0000010000000000000010 /* CorunaIOS.app */;
			productType = "com.apple.product-type.application";
		};
/* End PBXNativeTarget section */

/* Begin PBXProject section */
		1A0000010000000000000050 /* Project object */ = {
			isa = PBXProject;
			attributes = {
				BuildIndependentTargetsInParallel = 1;
				LastSwiftUpdateCheck = 2650;
				LastUpgradeCheck = 2650;
				TargetAttributes = {
					1A0000010000000000000040 = {
						CreatedOnToolsVersion = 26.5;
					};
				};
			};
			buildConfigurationList = 1A0000010000000000000051 /* Build configuration list for PBXProject "CorunaIOS" */;
			developmentRegion = en;
			hasScannedForEncodings = 0;
			knownRegions = (
				en,
				"zh-Hans",
				"zh-Hant",
				Base,
			);
			mainGroup = 1A0000010000000000000030;
			minimizedProjectReferenceProxies = 1;
			preferredProjectObjectVersion = 77;
			productRefGroup = 1A0000010000000000000032 /* Products */;
			projectDirPath = "";
			projectRoot = "";
			targets = (
				1A0000010000000000000040 /* CorunaIOS */,
			);
		};
/* End PBXProject section */

/* Begin PBXResourcesBuildPhase section */
		1A0000010000000000000042 /* Resources */ = {
			isa = PBXResourcesBuildPhase;
			buildActionMask = 2147483647;
			files = (
				1A0000010000000000000006 /* Resources/CorunaWeb in Resources */,
				1A0000010000000000000007 /* Assets.xcassets in Resources */,
				1A0000010000000000000008 /* en.lproj in Resources */,
				1A0000010000000000000009 /* zh-Hans.lproj in Resources */,
				1A000001000000000000000A /* zh-Hant.lproj in Resources */,
			);
			runOnlyForDeploymentPostprocessing = 0;
		};
/* End PBXResourcesBuildPhase section */

/* Begin PBXSourcesBuildPhase section */
		1A0000010000000000000041 /* Sources */ = {
			isa = PBXSourcesBuildPhase;
			buildActionMask = 2147483647;
			files = (
				1A0000010000000000000001 /* CorunaIOSApp.swift in Sources */,
				1A0000010000000000000002 /* ContentView.swift in Sources */,
				1A0000010000000000000003 /* WebViewSheet.swift in Sources */,
				1A0000010000000000000004 /* ServerController.swift in Sources */,
				1A0000010000000000000005 /* StaticHTTPServer.swift in Sources */,
				1A000001000000000000000B /* Localization.swift in Sources */,
			);
			runOnlyForDeploymentPostprocessing = 0;
		};
/* End PBXSourcesBuildPhase section */

/* Begin XCBuildConfiguration section */
		1A0000010000000000000060 /* Debug */ = {
			isa = XCBuildConfiguration;
			buildSettings = {
				ALWAYS_SEARCH_USER_PATHS = NO;
				ASSETCATALOG_COMPILER_GENERATE_SWIFT_ASSET_SYMBOL_EXTENSIONS = YES;
				CLANG_ANALYZER_NONNULL = YES;
				CLANG_ANALYZER_NUMBER_OBJECT_CONVERSION = YES_AGGRESSIVE;
				CLANG_CXX_LANGUAGE_STANDARD = "gnu++20";
				CLANG_ENABLE_MODULES = YES;
				CLANG_ENABLE_OBJC_ARC = YES;
				CLANG_ENABLE_OBJC_WEAK = YES;
				CLANG_WARN_BLOCK_CAPTURE_AUTORELEASING = YES;
				CLANG_WARN_BOOL_CONVERSION = YES;
				CLANG_WARN_COMMA = YES;
				CLANG_WARN_CONSTANT_CONVERSION = YES;
				CLANG_WARN_DEPRECATED_OBJC_IMPLEMENTATIONS = YES;
				CLANG_WARN_DIRECT_OBJC_ISA_USAGE = YES_ERROR;
				CLANG_WARN_DOCUMENTATION_COMMENTS = YES;
				CLANG_WARN_EMPTY_BODY = YES;
				CLANG_WARN_ENUM_CONVERSION = YES;
				CLANG_WARN_INFINITE_RECURSION = YES;
				CLANG_WARN_INT_CONVERSION = YES;
				CLANG_WARN_NON_LITERAL_NULL_CONVERSION = YES;
				CLANG_WARN_OBJC_IMPLICIT_RETAIN_SELF = YES;
				CLANG_WARN_OBJC_LITERAL_CONVERSION = YES;
				CLANG_WARN_OBJC_ROOT_CLASS = YES_ERROR;
				CLANG_WARN_QUOTED_INCLUDE_IN_FRAMEWORK_HEADER = YES;
				CLANG_WARN_RANGE_LOOP_ANALYSIS = YES;
				CLANG_WARN_STRICT_PROTOTYPES = YES;
				CLANG_WARN_SUSPICIOUS_MOVE = YES;
				CLANG_WARN_UNGUARDED_AVAILABILITY = YES_AGGRESSIVE;
				CLANG_WARN_UNREACHABLE_CODE = YES;
				CLANG_WARN__DUPLICATE_METHOD_MATCH = YES;
				COPY_PHASE_STRIP = NO;
				DEBUG_INFORMATION_FORMAT = dwarf;
				ENABLE_STRICT_OBJC_MSGSEND = YES;
				ENABLE_TESTABILITY = YES;
				ENABLE_USER_SCRIPT_SANDBOXING = YES;
				GCC_C_LANGUAGE_STANDARD = gnu17;
				GCC_DYNAMIC_NO_PIC = NO;
				GCC_NO_COMMON_BLOCKS = YES;
				GCC_OPTIMIZATION_LEVEL = 0;
				GCC_PREPROCESSOR_DEFINITIONS = (
					"DEBUG=1",
					"$(inherited)",
				);
				GCC_WARN_64_TO_32_BIT_CONVERSION = YES;
				GCC_WARN_ABOUT_RETURN_TYPE = YES_ERROR;
				GCC_WARN_UNDECLARED_SELECTOR = YES;
				GCC_WARN_UNINITIALIZED_AUTOS = YES_AGGRESSIVE;
				GCC_WARN_UNUSED_FUNCTION = YES;
				GCC_WARN_UNUSED_VARIABLE = YES;
				IPHONEOS_DEPLOYMENT_TARGET = 15.0;
				LOCALIZATION_PREFERS_STRING_CATALOGS = YES;
				MTL_ENABLE_DEBUG_INFO = INCLUDE_SOURCE;
				MTL_FAST_MATH = YES;
				ONLY_ACTIVE_ARCH = YES;
				SDKROOT = iphoneos;
				SWIFT_ACTIVE_COMPILATION_CONDITIONS = "DEBUG $(inherited)";
				SWIFT_EMIT_LOC_STRINGS = YES;
				SWIFT_OPTIMIZATION_LEVEL = "-Onone";
			};
			name = Debug;
		};
		1A0000010000000000000061 /* Release */ = {
			isa = XCBuildConfiguration;
			buildSettings = {
				ALWAYS_SEARCH_USER_PATHS = NO;
				ASSETCATALOG_COMPILER_GENERATE_SWIFT_ASSET_SYMBOL_EXTENSIONS = YES;
				CLANG_ANALYZER_NONNULL = YES;
				CLANG_ANALYZER_NUMBER_OBJECT_CONVERSION = YES_AGGRESSIVE;
				CLANG_CXX_LANGUAGE_STANDARD = "gnu++20";
				CLANG_ENABLE_MODULES = YES;
				CLANG_ENABLE_OBJC_ARC = YES;
				CLANG_ENABLE_OBJC_WEAK = YES;
				CLANG_WARN_BLOCK_CAPTURE_AUTORELEASING = YES;
				CLANG_WARN_BOOL_CONVERSION = YES;
				CLANG_WARN_COMMA = YES;
				CLANG_WARN_CONSTANT_CONVERSION = YES;
				CLANG_WARN_DEPRECATED_OBJC_IMPLEMENTATIONS = YES;
				CLANG_WARN_DIRECT_OBJC_ISA_USAGE = YES_ERROR;
				CLANG_WARN_DOCUMENTATION_COMMENTS = YES;
				CLANG_WARN_EMPTY_BODY = YES;
				CLANG_WARN_ENUM_CONVERSION = YES;
				CLANG_WARN_INFINITE_RECURSION = YES;
				CLANG_WARN_INT_CONVERSION = YES;
				CLANG_WARN_NON_LITERAL_NULL_CONVERSION = YES;
				CLANG_WARN_OBJC_IMPLICIT_RETAIN_SELF = YES;
				CLANG_WARN_OBJC_LITERAL_CONVERSION = YES;
				CLANG_WARN_OBJC_ROOT_CLASS = YES_ERROR;
				CLANG_WARN_QUOTED_INCLUDE_IN_FRAMEWORK_HEADER = YES;
				CLANG_WARN_RANGE_LOOP_ANALYSIS = YES;
				CLANG_WARN_STRICT_PROTOTYPES = YES;
				CLANG_WARN_SUSPICIOUS_MOVE = YES;
				CLANG_WARN_UNGUARDED_AVAILABILITY = YES_AGGRESSIVE;
				CLANG_WARN_UNREACHABLE_CODE = YES;
				CLANG_WARN__DUPLICATE_METHOD_MATCH = YES;
				COPY_PHASE_STRIP = NO;
				DEBUG_INFORMATION_FORMAT = "dwarf-with-dsym";
				ENABLE_NS_ASSERTIONS = NO;
				ENABLE_STRICT_OBJC_MSGSEND = YES;
				ENABLE_USER_SCRIPT_SANDBOXING = YES;
				GCC_C_LANGUAGE_STANDARD = gnu17;
				GCC_NO_COMMON_BLOCKS = YES;
				GCC_WARN_64_TO_32_BIT_CONVERSION = YES;
				GCC_WARN_ABOUT_RETURN_TYPE = YES_ERROR;
				GCC_WARN_UNDECLARED_SELECTOR = YES;
				GCC_WARN_UNINITIALIZED_AUTOS = YES_AGGRESSIVE;
				GCC_WARN_UNUSED_FUNCTION = YES;
				GCC_WARN_UNUSED_VARIABLE = YES;
				IPHONEOS_DEPLOYMENT_TARGET = 15.0;
				LOCALIZATION_PREFERS_STRING_CATALOGS = YES;
				MTL_ENABLE_DEBUG_INFO = NO;
				MTL_FAST_MATH = YES;
				SDKROOT = iphoneos;
				SWIFT_COMPILATION_MODE = wholemodule;
				SWIFT_EMIT_LOC_STRINGS = YES;
				VALIDATE_PRODUCT = YES;
			};
			name = Release;
		};
		1A0000010000000000000062 /* Debug */ = {
			isa = XCBuildConfiguration;
			baseConfigurationReference = 1A0000010000000000000019 /* Signing.xcconfig */;
			buildSettings = {
				ASSETCATALOG_COMPILER_APPICON_NAME = AppIcon;
				ASSETCATALOG_COMPILER_INCLUDE_ALL_APPICON_ASSETS = YES;
				CODE_SIGN_STYLE = Automatic;
				CURRENT_PROJECT_VERSION = 1;
				GENERATE_INFOPLIST_FILE = NO;
				INFOPLIST_FILE = CorunaIOS/Info.plist;
				INFOPLIST_KEY_CFBundleDisplayName = Coruna;
				IPHONEOS_DEPLOYMENT_TARGET = 15.0;
				LD_RUNPATH_SEARCH_PATHS = (
					"$(inherited)",
					"@executable_path/Frameworks",
				);
				MARKETING_VERSION = 1.0;
				PRODUCT_NAME = "$(TARGET_NAME)";
				SUPPORTED_PLATFORMS = "iphoneos iphonesimulator";
				SUPPORTS_MACCATALYST = NO;
				SUPPORTS_MAC_DESIGNED_FOR_IPHONE_IPAD = NO;
				SWIFT_VERSION = 5.0;
				TARGETED_DEVICE_FAMILY = "1,2";
			};
			name = Debug;
		};
		1A0000010000000000000063 /* Release */ = {
			isa = XCBuildConfiguration;
			baseConfigurationReference = 1A0000010000000000000019 /* Signing.xcconfig */;
			buildSettings = {
				ASSETCATALOG_COMPILER_APPICON_NAME = AppIcon;
				ASSETCATALOG_COMPILER_INCLUDE_ALL_APPICON_ASSETS = YES;
				CODE_SIGN_STYLE = Automatic;
				CURRENT_PROJECT_VERSION = 1;
				GENERATE_INFOPLIST_FILE = NO;
				INFOPLIST_FILE = CorunaIOS/Info.plist;
				INFOPLIST_KEY_CFBundleDisplayName = Coruna;
				IPHONEOS_DEPLOYMENT_TARGET = 15.0;
				LD_RUNPATH_SEARCH_PATHS = (
					"$(inherited)",
					"@executable_path/Frameworks",
				);
				MARKETING_VERSION = 1.0;
				PRODUCT_NAME = "$(TARGET_NAME)";
				SUPPORTED_PLATFORMS = "iphoneos iphonesimulator";
				SUPPORTS_MACCATALYST = NO;
				SUPPORTS_MAC_DESIGNED_FOR_IPHONE_IPAD = NO;
				SWIFT_VERSION = 5.0;
				TARGETED_DEVICE_FAMILY = "1,2";
			};
			name = Release;
		};
/* End XCBuildConfiguration section */

/* Begin XCConfigurationList section */
		1A0000010000000000000044 /* Build configuration list for PBXNativeTarget "CorunaIOS" */ = {
			isa = XCConfigurationList;
			buildConfigurations = (
				1A0000010000000000000062 /* Debug */,
				1A0000010000000000000063 /* Release */,
			);
			defaultConfigurationIsVisible = 0;
			defaultConfigurationName = Release;
		};
		1A0000010000000000000051 /* Build configuration list for PBXProject "CorunaIOS" */ = {
			isa = XCConfigurationList;
			buildConfigurations = (
				1A0000010000000000000060 /* Debug */,
				1A0000010000000000000061 /* Release */,
			);
			defaultConfigurationIsVisible = 0;
			defaultConfigurationName = Release;
		};
/* End XCConfigurationList section */
	};
	rootObject = 1A0000010000000000000050 /* Project object */;
}
